
Microsoft Visual Studio Solution File, Format Version 12.00
# Visual Studio 15
VisualStudioVersion = 15.0.27428.2037
MinimumVisualStudioVersion = 10.0.40219.1
Project("{FAE04EC0-301F-11D3-BF4B-00C04F79EFBC}") = "OpenGLDemo.Android", "OpenGLDemo\OpenGLDemo.Android\OpenGLDemo.Android.csproj", "{A42354AE-00D3-49EB-ACEA-40BAACCF459D}"
EndProject
Project("{FAE04EC0-301F-11D3-BF4B-00C04F79EFBC}") = "OpenGLDemo", "OpenGLDemo\OpenGLDemo\OpenGLDemo.csproj", "{D8B51538-76E3-4FA9-B648-FB811772E279}"
EndProject
Global
	GlobalSection(SolutionConfigurationPlatforms) = preSolution
		Debug|Any CPU = Debug|Any CPU
		Release|Any CPU = Release|Any CPU
	EndGlobalSection
	GlobalSection(ProjectConfigurationPlatforms) = postSolution
		{A42354AE-00D3-49EB-ACEA-40BAACCF459D}.Debug|Any CPU.ActiveCfg = Debug|Any CPU
		{A42354AE-00D3-49EB-ACEA-40BAACCF459D}.Debug|Any CPU.Build.0 = Debug|Any CPU
		{A42354AE-00D3-49EB-ACEA-40BAACCF459D}.Debug|Any CPU.Deploy.0 = Debug|Any CPU
		{A42354AE-00D3-49EB-ACEA-40BAACCF459D}.Release|Any CPU.ActiveCfg = Release|Any CPU
		{A42354AE-00D3-49EB-ACEA-40BAACCF459D}.Release|Any CPU.Build.0 = Release|Any CPU
		{A42354AE-00D3-49EB-ACEA-40BAACCF459D}.Release|Any CPU.Deploy.0 = Release|Any CPU
		{D8B51538-76E3-4FA9-B648-FB811772E279}.Debug|Any CPU.ActiveCfg = Debug|Any CPU
		{D8B51538-76E3-4FA9-B648-FB811772E279}.Debug|Any CPU.Build.0 = Debug|Any CPU
		{D8B51538-76E3-4FA9-B648-FB811772E279}.Release|Any CPU.ActiveCfg = Release|Any CPU
		{D8B51538-76E3-4FA9-B648-FB811772E279}.Release|Any CPU.Build.0 = Release|Any CPU
	EndGlobalSection
	GlobalSection(SolutionProperties) = preSolution
		HideSolutionNode = FALSE
	EndGlobalSection
	GlobalSection(ExtensibilityGlobals) = postSolution
		SolutionGuid = {63FBDFB9-F794-44D4-93C7-5FD5180601FE}
	EndGlobalSection
EndGlobal
